
Microsoft Visual Studio Solution File, Format Version 12.00
# Visual Studio 2013
VisualStudioVersion = 12.0.40629.0
MinimumVisualStudioVersion = 10.0.40219.1
Project("{FAE04EC0-301F-11D3-BF4B-00C04F79EFBC}") = "TimeRecording", "TimeRecording\TimeRecording.csproj", "{BEE12D88-C296-495F-9BA1-86F2E774AAE4}"
EndProject
Project("{FAE04EC0-301F-11D3-BF4B-00C04F79EFBC}") = "TimeRecordingTest", "TimeRecordingTest\TimeRecordingTest.csproj", "{2D75118F-A793-4792-A2B7-39323FED561C}"
EndProject
Project("{2150E333-8FDC-42A3-9474-1A3956D46DE8}") = ".nuget", ".nuget", "{BC7A582C-8AD0-465B-96CA-D3DE32AE30CB}"
	ProjectSection(SolutionItems) = preProject
		.nuget\packages.config = .nuget\packages.config
	EndProjectSection
EndProject
Global
	GlobalSection(SolutionConfigurationPlatforms) = preSolution
		Debug|Any CPU = Debug|Any CPU
		Release|Any CPU = Release|Any CPU
	EndGlobalSection
	GlobalSection(ProjectConfigurationPlatforms) = postSolution
		{BEE12D88-C296-495F-9BA1-86F2E774AAE4}.Debug|Any CPU.ActiveCfg = Debug|Any CPU
		{BEE12D88-C296-495F-9BA1-86F2E774AAE4}.Debug|Any CPU.Build.0 = Debug|Any CPU
		{BEE12D88-C296-495F-9BA1-86F2E774AAE4}.Release|Any CPU.ActiveCfg = Release|Any CPU
		{BEE12D88-C296-495F-9BA1-86F2E774AAE4}.Release|Any CPU.Build.0 = Release|Any CPU
	EndGlobalSection
	GlobalSection(SolutionProperties) = preSolution
		HideSolutionNode = FALSE
	EndGlobalSection
EndGlobal
